
Microsoft Visual Studio Solution File, Format Version 12.00
Project("{FAE04EC0-301F-11D3-BF4B-00C04F79EFBC}") = "AsdLab1", "AsdLab1\AsdLab1.csproj", "{DF23B1E3-E75F-4D98-A5DD-2D353B810396}"
EndProject
Global
	GlobalSection(SolutionConfigurationPlatforms) = preSolution
		Debug|Any CPU = Debug|Any CPU
		Release|Any CPU = Release|Any CPU
	EndGlobalSection
	GlobalSection(ProjectConfigurationPlatforms) = postSolution
		{DF23B1E3-E75F-4D98-A5DD-2D353B810396}.Debug|Any CPU.ActiveCfg = Debug|Any CPU
		{DF23B1E3-E75F-4D98-A5DD-2D353B810396}.Debug|Any CPU.Build.0 = Debug|Any CPU
		{DF23B1E3-E75F-4D98-A5DD-2D353B810396}.Release|Any CPU.ActiveCfg = Release|Any CPU
		{DF23B1E3-E75F-4D98-A5DD-2D353B810396}.Release|Any CPU.Build.0 = Release|Any CPU
	EndGlobalSection
EndGlobal
